version: 6
environments:
  default:
    channels:
    - url: https://conda.anaconda.org/conda-forge/
    indexes:
    - https://pypi.org/simple
    packages:
      osx-arm64:
      - conda: https://conda.anaconda.org/conda-forge/noarch/absl-py-2.3.1-pyhd8ed1ab_0.conda
      - conda: https://conda.anaconda.org/conda-forge/osx-arm64/ampl-asl-1.0.0-h286801f_2.conda
      - conda: https://conda.anaconda.org/conda-forge/osx-arm64/assimp-5.4.3-h31c7375_1.conda
      - conda: https://conda.anaconda.org/conda-forge/osx-arm64/bzip2-1.0.8-h99b78c6_7.conda
      - conda: https://conda.anaconda.org/conda-forge/noarch/ca-certificates-2025.8.3-hbd8a1cb_0.conda
      - conda: https://conda.anaconda.org/conda-forge/osx-arm64/casadi-3.7.0-py313h8c85656_3.conda
      - conda: https://conda.anaconda.org/conda-forge/osx-arm64/cli11-2.5.0-ha1acc90_0.conda
      - conda: https://conda.anaconda.org/conda-forge/osx-arm64/coal-3.0.1-h39782a4_3.conda
      - conda: https://conda.anaconda.org/conda-forge/osx-arm64/coal-python-3.0.1-py313hb34b9c0_3.conda
      - conda: https://conda.anaconda.org/conda-forge/osx-arm64/console_bridge-1.0.2-h3e96240_1.tar.bz2
      - conda: https://conda.anaconda.org/conda-forge/osx-arm64/eigen-3.4.0-h1995070_0.conda
      - conda: https://conda.anaconda.org/conda-forge/osx-arm64/eigenpy-3.11.0-np2py313hfd44af5_1.conda
      - conda: https://conda.anaconda.org/conda-forge/noarch/etils-1.12.2-pyhd8ed1ab_0.conda
      - conda: https://conda.anaconda.org/conda-forge/noarch/fsspec-2025.7.0-pyhd8ed1ab_0.conda
      - conda: https://conda.anaconda.org/conda-forge/osx-arm64/gettext-0.25.1-h3dcc1bd_0.conda
      - conda: https://conda.anaconda.org/conda-forge/osx-arm64/gettext-tools-0.25.1-h493aca8_0.conda
      - conda: https://conda.anaconda.org/conda-forge/osx-arm64/glfw-3.4-h93a5062_0.conda
      - conda: https://conda.anaconda.org/conda-forge/osx-arm64/gmp-6.3.0-h7bae524_2.conda
      - conda: https://conda.anaconda.org/conda-forge/noarch/hpp-fcl-3.0.1-pyhd3e5650_1.conda
      - conda: https://conda.anaconda.org/conda-forge/osx-arm64/icu-75.1-hfee45f7_0.conda
      - conda: https://conda.anaconda.org/conda-forge/noarch/importlib_resources-6.5.2-pyhd8ed1ab_0.conda
      - conda: https://conda.anaconda.org/conda-forge/osx-arm64/ipopt-3.14.17-h945cc1c_2.conda
      - conda: https://conda.anaconda.org/conda-forge/osx-arm64/libabseil-20250512.1-cxx17_hd41c47c_0.conda
      - conda: https://conda.anaconda.org/conda-forge/osx-arm64/libasprintf-0.25.1-h493aca8_0.conda
      - conda: https://conda.anaconda.org/conda-forge/osx-arm64/libasprintf-devel-0.25.1-h493aca8_0.conda
      - conda: https://conda.anaconda.org/conda-forge/osx-arm64/libblas-3.9.0-32_h10e41b3_openblas.conda
      - conda: https://conda.anaconda.org/conda-forge/osx-arm64/libblasfeo-0.1.4.2-h37ef02a_0.conda
      - conda: https://conda.anaconda.org/conda-forge/osx-arm64/libboost-1.88.0-hc9fb7c5_0.conda
      - conda: https://conda.anaconda.org/conda-forge/osx-arm64/libboost-devel-1.88.0-hf450f58_0.conda
      - conda: https://conda.anaconda.org/conda-forge/osx-arm64/libboost-headers-1.88.0-hce30654_0.conda
      - conda: https://conda.anaconda.org/conda-forge/osx-arm64/libboost-python-1.88.0-py313h4e4fec1_0.conda
      - conda: https://conda.anaconda.org/conda-forge/osx-arm64/libboost-python-devel-1.88.0-py313h866c4f8_0.conda
      - conda: https://conda.anaconda.org/conda-forge/osx-arm64/libcblas-3.9.0-32_hb3479ef_openblas.conda
      - conda: https://conda.anaconda.org/conda-forge/osx-arm64/libccd-double-2.1-h9a09cb3_2.tar.bz2
      - conda: https://conda.anaconda.org/conda-forge/osx-arm64/libcoal-3.0.1-hc55d3a9_3.conda
      - conda: https://conda.anaconda.org/conda-forge/osx-arm64/libcxx-20.1.8-hf598326_1.conda
      - conda: https://conda.anaconda.org/conda-forge/osx-arm64/libexpat-2.7.1-hec049ff_0.conda
      - conda: https://conda.anaconda.org/conda-forge/osx-arm64/libfatrop-0.0.4-h286801f_1.conda
      - conda: https://conda.anaconda.org/conda-forge/osx-arm64/libffi-3.4.6-h1da3d7d_1.conda
      - conda: https://conda.anaconda.org/conda-forge/osx-arm64/libgettextpo-0.25.1-h493aca8_0.conda
      - conda: https://conda.anaconda.org/conda-forge/osx-arm64/libgettextpo-devel-0.25.1-h493aca8_0.conda
      - conda: https://conda.anaconda.org/conda-forge/osx-arm64/libgfortran-15.1.0-hfdf1602_0.conda
      - conda: https://conda.anaconda.org/conda-forge/osx-arm64/libgfortran5-15.1.0-hb74de2c_0.conda
      - conda: https://conda.anaconda.org/conda-forge/osx-arm64/libgz-cmake3-3.5.3-h00cdb27_0.conda
      - conda: https://conda.anaconda.org/conda-forge/osx-arm64/libgz-cmake4-4.2.0-ha1acc90_0.conda
      - conda: https://conda.anaconda.org/conda-forge/osx-arm64/libgz-math7-7.5.2-h81086ad_0.conda
      - conda: https://conda.anaconda.org/conda-forge/osx-arm64/libgz-tools2-2.0.1-hce4b3f6_0.conda
      - conda: https://conda.anaconda.org/conda-forge/osx-arm64/libgz-utils2-2.2.0-h286801f_1.conda
      - conda: https://conda.anaconda.org/conda-forge/osx-arm64/libiconv-1.18-hfe07756_1.conda
      - conda: https://conda.anaconda.org/conda-forge/osx-arm64/libintl-0.25.1-h493aca8_0.conda
      - conda: https://conda.anaconda.org/conda-forge/osx-arm64/libintl-devel-0.25.1-h493aca8_0.conda
      - conda: https://conda.anaconda.org/conda-forge/osx-arm64/liblapack-3.9.0-32_hc9a63f6_openblas.conda
      - conda: https://conda.anaconda.org/conda-forge/osx-arm64/liblzma-5.8.1-h39f12f2_2.conda
      - conda: https://conda.anaconda.org/conda-forge/osx-arm64/libmpdec-4.0.0-h5505292_0.conda
      - conda: https://conda.anaconda.org/conda-forge/osx-arm64/libmujoco-3.3.2-hba1c1e0_4.conda
      - conda: https://conda.anaconda.org/conda-forge/osx-arm64/libopenblas-0.3.30-openmp_h60d53f8_1.conda
      - conda: https://conda.anaconda.org/conda-forge/osx-arm64/libosqp-1.0.0-np123py311h2bed84a_2.conda
      - conda: https://conda.anaconda.org/conda-forge/osx-arm64/libqdldl-0.1.8-ha1acc90_1.conda
      - conda: https://conda.anaconda.org/conda-forge/osx-arm64/libscotch-7.0.6-he56f69b_1.conda
      - conda: https://conda.anaconda.org/conda-forge/osx-arm64/libsdformat14-14.8.0-hb450cba_0.conda
      - conda: https://conda.anaconda.org/conda-forge/osx-arm64/libsqlite-3.50.4-h4237e3c_0.conda
      - conda: https://conda.anaconda.org/conda-forge/osx-arm64/libzlib-1.3.1-h8359307_2.conda
      - conda: https://conda.anaconda.org/conda-forge/osx-arm64/llvm-openmp-20.1.8-hbb9b287_1.conda
      - conda: https://conda.anaconda.org/conda-forge/osx-arm64/lodepng-20220109-hf86a087_0.tar.bz2
      - conda: https://conda.anaconda.org/conda-forge/osx-arm64/metis-5.1.0-h15f6cfe_1007.conda
      - conda: https://conda.anaconda.org/conda-forge/osx-arm64/mujoco-3.3.2-hb7ba575_4.conda
      - conda: https://conda.anaconda.org/conda-forge/osx-arm64/mujoco-python-3.3.2-np2py313haaabbab_4.conda
      - conda: https://conda.anaconda.org/conda-forge/osx-arm64/mujoco-samples-3.3.2-h32caa74_4.conda
      - conda: https://conda.anaconda.org/conda-forge/osx-arm64/mujoco-simulate-3.3.2-h32caa74_4.conda
      - conda: https://conda.anaconda.org/conda-forge/osx-arm64/mumps-include-5.7.3-h8c5b6c6_9.conda
      - conda: https://conda.anaconda.org/conda-forge/osx-arm64/mumps-seq-5.7.3-h29d90bc_9.conda
      - conda: https://conda.anaconda.org/conda-forge/osx-arm64/ncurses-6.5-h5e97a16_3.conda
      - conda: https://conda.anaconda.org/conda-forge/osx-arm64/numpy-2.3.2-py313h674b998_0.conda
      - conda: https://conda.anaconda.org/conda-forge/osx-arm64/octomap-1.10.0-h7b3277c_0.conda
      - conda: https://conda.anaconda.org/conda-forge/osx-arm64/openssl-3.5.1-h81ee809_0.conda
      - conda: https://conda.anaconda.org/conda-forge/osx-arm64/pinocchio-3.7.0-py313h28e2cdc_1.conda
      - conda: https://conda.anaconda.org/conda-forge/noarch/pybind11-abi-11-hc364b38_1.conda
      - conda: https://conda.anaconda.org/conda-forge/noarch/pyglfw-2.9.0-pyha770c72_0.conda
      - conda: https://conda.anaconda.org/conda-forge/noarch/pyopengl-3.1.9-pyhd8ed1ab_0.conda
      - conda: https://conda.anaconda.org/conda-forge/osx-arm64/python-3.13.5-hf3f3da0_102_cp313.conda
      - conda: https://conda.anaconda.org/conda-forge/noarch/python_abi-3.13-8_cp313.conda
      - conda: https://conda.anaconda.org/conda-forge/osx-arm64/qhull-2020.2-h420ef59_5.conda
      - conda: https://conda.anaconda.org/conda-forge/osx-arm64/qhull-static-2020.2-h420ef59_5.conda
      - conda: https://conda.anaconda.org/conda-forge/osx-arm64/readline-8.2-h1d1bf99_2.conda
      - conda: https://conda.anaconda.org/conda-forge/osx-arm64/ruby-3.4.5-h18f8826_0.conda
      - conda: https://conda.anaconda.org/conda-forge/osx-arm64/scipy-1.15.2-py313h9a24e0a_0.conda
      - conda: https://conda.anaconda.org/conda-forge/osx-arm64/tinyxml2-11.0.0-ha1acc90_0.conda
      - conda: https://conda.anaconda.org/conda-forge/osx-arm64/tk-8.6.13-h892fb3f_2.conda
      - conda: https://conda.anaconda.org/conda-forge/noarch/typing_extensions-4.14.1-pyhe01879c_0.conda
      - conda: https://conda.anaconda.org/conda-forge/noarch/tzdata-2025b-h78e105d_0.conda
      - conda: https://conda.anaconda.org/conda-forge/osx-arm64/urdfdom-4.0.1-h48bab5a_3.conda
      - conda: https://conda.anaconda.org/conda-forge/osx-arm64/urdfdom_headers-1.1.2-h7b3277c_0.conda
      - conda: https://conda.anaconda.org/conda-forge/osx-arm64/yaml-0.2.5-h925e9cb_3.conda
      - conda: https://conda.anaconda.org/conda-forge/noarch/zipp-3.23.0-pyhd8ed1ab_0.conda
      - conda: https://conda.anaconda.org/conda-forge/osx-arm64/zlib-1.3.1-h8359307_2.conda
      - conda: https://conda.anaconda.org/conda-forge/osx-arm64/zstd-1.5.7-h6491c7d_2.conda
      - pypi: ./
packages:
- conda: https://conda.anaconda.org/conda-forge/noarch/absl-py-2.3.1-pyhd8ed1ab_0.conda
  sha256: ec7a804be25350c310be7e0fffdbf4006fd22a650bf316513bdd71cb922944bf
  md5: 7d4f1ddc43d323c916b2c744835eb093
  depends:
  - python >=3.9
  license: Apache-2.0
  license_family: Apache
  purls:
  - pkg:pypi/absl-py?source=hash-mapping
  size: 109408
  timestamp: 1751547635237
- conda: https://conda.anaconda.org/conda-forge/osx-arm64/ampl-asl-1.0.0-h286801f_2.conda
  sha256: 47a5da6cd38a32c086017a5d2ed2b67e0cc24e25268a9c4cc91ea7d8f1cb9507
  md5: bb25b8fa2b28474412dda4e1a95853b4
  depends:
  - __osx >=11.0
  - libcxx >=18
  constrains:
  - ampl-mp >=4.0.0
  license: BSD-3-Clause AND SMLNJ
  purls: []
  size: 411989
  timestamp: 1732439500161
- conda: https://conda.anaconda.org/conda-forge/osx-arm64/assimp-5.4.3-h31c7375_1.conda
  sha256: c991724e0ec7e0ab0a0710b0f0a2f5194ba6512365268abbd89b3ad9c46b82ac
  md5: 4ac2a2ba9181ce4643dd35fefbf9359c
  depends:
  - __osx >=11.0
  - libboost >=1.88.0,<1.89.0a0
  - libcxx >=19
  - libzlib >=1.3.1,<2.0a0
  - zlib
  license: BSD-3-Clause
  license_family: BSD
  purls: []
  size: 2433041
  timestamp: 1753274954973
- conda: https://conda.anaconda.org/conda-forge/osx-arm64/bzip2-1.0.8-h99b78c6_7.conda
  sha256: adfa71f158cbd872a36394c56c3568e6034aa55c623634b37a4836bd036e6b91
  md5: fc6948412dbbbe9a4c9ddbbcfe0a79ab
  depends:
  - __osx >=11.0
  license: bzip2-1.0.6
  license_family: BSD
  purls: []
  size: 122909
  timestamp: 1720974522888
- conda: https://conda.anaconda.org/conda-forge/noarch/ca-certificates-2025.8.3-hbd8a1cb_0.conda
  sha256: 837b795a2bb39b75694ba910c13c15fa4998d4bb2a622c214a6a5174b2ae53d1
  md5: 74784ee3d225fc3dca89edb635b4e5cc
  depends:
  - __unix
  license: ISC
  purls: []
  size: 154402
  timestamp: 1754210968730
- conda: https://conda.anaconda.org/conda-forge/osx-arm64/casadi-3.7.0-py313h8c85656_3.conda
  sha256: 4ce710551cd939e92e06086d3c27d83189b59d6165cb901e69dcb7f146fd0f9b
  md5: 41f72a2762e3c5caee763f9d3f32a764
  depends:
  - __osx >=11.0
  - ipopt >=3.14.17,<3.14.18.0a0
  - libblas >=3.9.0,<4.0a0
  - libblasfeo >=0.1.4.2,<0.1.5.0a0
  - libcblas >=3.9.0,<4.0a0
  - libcxx >=18
  - libfatrop >=0.0.4,<0.0.5.0a0
  - liblapack >=3.9.0,<4.0a0
  - libosqp >=1.0.0,<1.0.1.0a0
  - numpy >=1.21,<3
  - python >=3.13,<3.14.0a0
  - python >=3.13,<3.14.0a0 *_cp313
  - python_abi 3.13.* *_cp313
  - tinyxml2 >=11.0.0,<11.1.0a0
  license: LGPL-3.0-or-later
  license_family: LGPL
  purls:
  - pkg:pypi/casadi?source=hash-mapping
  size: 4875864
  timestamp: 1748896991002
- conda: https://conda.anaconda.org/conda-forge/osx-arm64/cli11-2.5.0-ha1acc90_0.conda
  sha256: 26b3a8143482693da7983c8e1f538b7bbeeb07cc28a333068eae56837ff5f062
  md5: 965e277c890119ce1368faaf6a248ea3
  depends:
  - __osx >=11.0
  - libcxx >=18
  license: BSD-3-Clause
  license_family: BSD
  purls: []
  size: 94701
  timestamp: 1745305970078
- conda: https://conda.anaconda.org/conda-forge/osx-arm64/coal-3.0.1-h39782a4_3.conda
  sha256: f26ddd5ca330942af756c055d3f84247fa1eca793c1520497fdb923904f693b1
  md5: 82b1283ce262b637c26f088363f23d0f
  depends:
  - coal-python 3.0.1 py313hb34b9c0_3
  - libcoal 3.0.1 hc55d3a9_3
  - python_abi 3.13.* *_cp313
  license: BSD-3-Clause
  license_family: BSD
  purls: []
  size: 8712
  timestamp: 1754234013478
- conda: https://conda.anaconda.org/conda-forge/osx-arm64/coal-python-3.0.1-py313hb34b9c0_3.conda
  sha256: 002c72555daa58fee50d4fd0fff7cb2941167728d3feb72480c36f33ec1fdd9a
  md5: e59c8eaeded9b4f1efe9b29d93b8cba4
  depends:
  - __osx >=11.0
  - assimp >=5.4.3,<5.4.4.0a0
  - eigenpy >=3.11.0,<3.11.1.0a0
  - libboost >=1.88.0,<1.89.0a0
  - libboost-python >=1.88.0,<1.89.0a0
  - libcoal 3.0.1 hc55d3a9_3
  - libcxx >=19
  - numpy >=1.23,<3
  - octomap >=1.10.0,<1.11.0a0
  - python >=3.13,<3.14.0a0
  - python >=3.13,<3.14.0a0 *_cp313
  - python_abi 3.13.* *_cp313
  - qhull >=2020.2,<2020.3.0a0
  license: BSD-3-Clause
  license_family: BSD
  purls: []
  size: 1017302
  timestamp: 1754233990567
- conda: https://conda.anaconda.org/conda-forge/osx-arm64/console_bridge-1.0.2-h3e96240_1.tar.bz2
  sha256: f39c48eb54adaffe679fc9b3a2a9b9cd78f97e2e9fd555ec7c5fd8a99957bfc5
  md5: e2dde786c16d90869de84d458af36d92
  depends:
  - libcxx >=12.0.1
  license: BSD-3-Clause
  license_family: BSD
  purls: []
  size: 17727
  timestamp: 1648912770421
- conda: https://conda.anaconda.org/conda-forge/osx-arm64/eigen-3.4.0-h1995070_0.conda
  sha256: c20b3677b16d8907343fce68e7c437184fef7f5ed0a765c104b775f8a485c5c9
  md5: 3691ea3ff568ba38826389bafc717909
  depends:
  - libcxx >=15.0.7
  license: MPL-2.0
  license_family: MOZILLA
  purls: []
  size: 1087751
  timestamp: 1690275869049
- conda: https://conda.anaconda.org/conda-forge/osx-arm64/eigenpy-3.11.0-np2py313hfd44af5_1.conda
  sha256: b63044dff9899370bc418b1464100ac7a0f2c481d28def897b803561ca1253e8
  md5: af467477510a9e65a32764b9aede10ea
  depends:
  - eigen
  - libboost-python-devel
  - python
  - scipy
  - __osx >=11.0
  - python 3.13.* *_cp313
  - libcxx >=19
  - python_abi 3.13.* *_cp313
  - numpy >=1.23,<3
  - libboost-python >=1.88.0,<1.89.0a0
  license: BSD-2-Clause
  license_family: BSD
  purls: []
  size: 2544218
  timestamp: 1753953846347
- conda: https://conda.anaconda.org/conda-forge/noarch/etils-1.12.2-pyhd8ed1ab_0.conda
  sha256: 805ee8cc651a4bf056c39f8b1fdf64b393455bc10b2fd8cc3a99b0f7e7475f77
  md5: 05ecb9e7a6f7bc5319aa61866545a746
  depends:
  - python >=3.10
  license: Apache-2.0
  license_family: APACHE
  purls:
  - pkg:pypi/etils?source=hash-mapping
  size: 787805
  timestamp: 1741838050970
- conda: https://conda.anaconda.org/conda-forge/noarch/fsspec-2025.7.0-pyhd8ed1ab_0.conda
  sha256: f734d98cd046392fbd9872df89ac043d72ac15f6a2529f129d912e28ab44609c
  md5: a31ce802cd0ebfce298f342c02757019
  depends:
  - python >=3.9
  license: BSD-3-Clause
  license_family: BSD
  purls:
  - pkg:pypi/fsspec?source=compressed-mapping
  size: 145357
  timestamp: 1752608821935
- conda: https://conda.anaconda.org/conda-forge/osx-arm64/gettext-0.25.1-h3dcc1bd_0.conda
  sha256: 129a81e9da9f60ae6955b49938447e7faeb7e1be815b2db99e76956dddf8c392
  md5: 7059ba83fd98707b2cd9a5f06f589dd4
  depends:
  - __osx >=11.0
  - gettext-tools 0.25.1 h493aca8_0
  - libasprintf 0.25.1 h493aca8_0
  - libasprintf-devel 0.25.1 h493aca8_0
  - libcxx >=18
  - libgettextpo 0.25.1 h493aca8_0
  - libgettextpo-devel 0.25.1 h493aca8_0
  - libiconv >=1.18,<2.0a0
  - libintl 0.25.1 h493aca8_0
  - libintl-devel 0.25.1 h493aca8_0
  license: LGPL-2.1-or-later AND GPL-3.0-or-later
  purls: []
  size: 543276
  timestamp: 1751558682952
- conda: https://conda.anaconda.org/conda-forge/osx-arm64/gettext-tools-0.25.1-h493aca8_0.conda
  sha256: e8dd68706676d5b6f6ee09240936a0ecd1ae12b87dbb37e4c4be263e332ab125
  md5: 817042c017930497931da6aa04a47f09
  depends:
  - __osx >=11.0
  - libiconv >=1.18,<2.0a0
  - libintl 0.25.1 h493aca8_0
  license: GPL-3.0-or-later
  license_family: GPL
  purls: []
  size: 3748044
  timestamp: 1751558602508
- conda: https://conda.anaconda.org/conda-forge/osx-arm64/glfw-3.4-h93a5062_0.conda
  sha256: fd01d62b690e42adf9b9d3fd7f4bbe7185dd8d9fa60aca315137f0367e9c989d
  md5: b7bf4ccb27f1e75c9292a218974dcfac
  license: Zlib
  purls: []
  size: 113768
  timestamp: 1708789054033
- conda: https://conda.anaconda.org/conda-forge/osx-arm64/gmp-6.3.0-h7bae524_2.conda
  sha256: 76e222e072d61c840f64a44e0580c2503562b009090f55aa45053bf1ccb385dd
  md5: eed7278dfbab727b56f2c0b64330814b
  depends:
  - __osx >=11.0
  - libcxx >=16
  license: GPL-2.0-or-later OR LGPL-3.0-or-later
  purls: []
  size: 365188
  timestamp: 1718981343258
- conda: https://conda.anaconda.org/conda-forge/noarch/hpp-fcl-3.0.1-pyhd3e5650_1.conda
  sha256: 324e973d25c998962ad658143e6c44e6e13e3dd20ab7b1d745c2145498dbff4a
  md5: f486a5d1042a80587295c72e73f77515
  depends:
  - __unix
  - coal 3.0.1.*
  - python >=3.9
  license: BSD-3-Clause
  license_family: BSD
  purls: []
  size: 19452
  timestamp: 1741685225748
- conda: https://conda.anaconda.org/conda-forge/osx-arm64/icu-75.1-hfee45f7_0.conda
  sha256: 9ba12c93406f3df5ab0a43db8a4b4ef67a5871dfd401010fbe29b218b2cbe620
  md5: 5eb22c1d7b3fc4abb50d92d621583137
  depends:
  - __osx >=11.0
  license: MIT
  license_family: MIT
  purls: []
  size: 11857802
  timestamp: 1720853997952
- conda: https://conda.anaconda.org/conda-forge/noarch/importlib_resources-6.5.2-pyhd8ed1ab_0.conda
  sha256: acc1d991837c0afb67c75b77fdc72b4bf022aac71fedd8b9ea45918ac9b08a80
  md5: c85c76dc67d75619a92f51dfbce06992
  depends:
  - python >=3.9
  - zipp >=3.1.0
  constrains:
  - importlib-resources >=6.5.2,<6.5.3.0a0
  license: Apache-2.0
  license_family: APACHE
  purls:
  - pkg:pypi/importlib-resources?source=hash-mapping
  size: 33781
  timestamp: 1736252433366
- conda: https://conda.anaconda.org/conda-forge/osx-arm64/ipopt-3.14.17-h945cc1c_2.conda
  sha256: 379d9b44fc265493a8a42ca3694bb8d7538ed8c7bbaf8626dcf8d75f454317cc
  md5: e465f880544e1e6b8d904fb65e25b130
  depends:
  - __osx >=11.0
  - ampl-asl >=1.0.0,<1.0.1.0a0
  - libblas >=3.9.0,<4.0a0
  - libcxx >=18
  - liblapack >=3.9.0,<4.0a0
  - mumps-seq >=5.7.3,<5.7.4.0a0
  license: EPL-1.0
  purls: []
  size: 727718
  timestamp: 1745419955303
- conda: https://conda.anaconda.org/conda-forge/osx-arm64/libabseil-20250512.1-cxx17_hd41c47c_0.conda
  sha256: 7f0ee9ae7fa2cf7ac92b0acf8047c8bac965389e48be61bf1d463e057af2ea6a
  md5: 360dbb413ee2c170a0a684a33c4fc6b8
  depends:
  - __osx >=11.0
  - libcxx >=18
  constrains:
  - libabseil-static =20250512.1=cxx17*
  - abseil-cpp =20250512.1
  license: Apache-2.0
  license_family: Apache
  purls: []
  size: 1174081
  timestamp: 1750194620012
- conda: https://conda.anaconda.org/conda-forge/osx-arm64/libasprintf-0.25.1-h493aca8_0.conda
  sha256: 7265547424e978ea596f51cc8e7b81638fb1c660b743e98cc4deb690d9d524ab
  md5: 0deb80a2d6097c5fb98b495370b2435b
  depends:
  - __osx >=11.0
  - libcxx >=18
  license: LGPL-2.1-or-later
  purls: []
  size: 52316
  timestamp: 1751558366611
- conda: https://conda.anaconda.org/conda-forge/osx-arm64/libasprintf-devel-0.25.1-h493aca8_0.conda
  sha256: fc76b07620eabde52928c69bcdcb5497da3fdad3331a76f9d4bffeb27e0bdd8f
  md5: c18067d2d5864e77f84456d97c1c17cc
  depends:
  - __osx >=11.0
  - libasprintf 0.25.1 h493aca8_0
  license: LGPL-2.1-or-later
  purls: []
  size: 35256
  timestamp: 1751558418167
- conda: https://conda.anaconda.org/conda-forge/osx-arm64/libblas-3.9.0-32_h10e41b3_openblas.conda
  build_number: 32
  sha256: 2775472dd81d43dc20804b484028560bfecd5ab4779e39f1fb95684da3ff2029
  md5: d4a1732d2b330c9d5d4be16438a0ac78
  depends:
  - libopenblas >=0.3.30,<0.3.31.0a0
  - libopenblas >=0.3.30,<1.0a0
  constrains:
  - blas 2.132   openblas
  - liblapack  3.9.0   32*_openblas
  - mkl <2025
  - libcblas   3.9.0   32*_openblas
  - liblapacke 3.9.0   32*_openblas
  license: BSD-3-Clause
  license_family: BSD
  purls: []
  size: 17520
  timestamp: 1750388963178
- conda: https://conda.anaconda.org/conda-forge/osx-arm64/libblasfeo-0.1.4.2-h37ef02a_0.conda
  sha256: 406885b43c417025be9b2cdb541fa5a0f5426efbbf109d42ac5126efb5d3608d
  md5: db8bf9db5c73a85b195f5c973f5514bf
  depends:
  - __osx >=11.0
  license: BSD-2-Clause
  license_family: BSD
  purls: []
  size: 509787
  timestamp: 1740067975938
- conda: https://conda.anaconda.org/conda-forge/osx-arm64/libboost-1.88.0-hc9fb7c5_0.conda
  sha256: 9e8de5fe4f13e25926225bc63fb71105acb466fc6e962c5c7e47f62dc361fec4
  md5: edf8618e63adf0f2e38f646a16514032
  depends:
  - __osx >=11.0
  - bzip2 >=1.0.8,<2.0a0
  - icu >=75.1,<76.0a0
  - libcxx >=18
  - liblzma >=5.8.1,<6.0a0
  - libzlib >=1.3.1,<2.0a0
  - zstd >=1.5.7,<1.6.0a0
  constrains:
  - boost-cpp <0.0a0
  license: BSL-1.0
  purls: []
  size: 1945701
  timestamp: 1744432470394
- conda: https://conda.anaconda.org/conda-forge/osx-arm64/libboost-devel-1.88.0-hf450f58_0.conda
  sha256: 35958f53863a8b97379c82ae1b6b1ed99209b46be5131a760d204ff892f38bb2
  md5: caa1898b431a8b820b0384c0717db845
  depends:
  - libboost 1.88.0 hc9fb7c5_0
  - libboost-headers 1.88.0 hce30654_0
  constrains:
  - boost-cpp <0.0a0
  license: BSL-1.0
  purls: []
  size: 37962
  timestamp: 1744432597384
- conda: https://conda.anaconda.org/conda-forge/osx-arm64/libboost-headers-1.88.0-hce30654_0.conda
  sha256: 5c8e805f027257dc53c810d1c94ec36b2af3f9e87e9a63b76e892c29e34441b9
  md5: c095f0350fba0f7f6ec3ef8a446af6d1
  constrains:
  - boost-cpp <0.0a0
  license: BSL-1.0
  purls: []
  size: 14601844
  timestamp: 1744432500701
- conda: https://conda.anaconda.org/conda-forge/osx-arm64/libboost-python-1.88.0-py313h4e4fec1_0.conda
  sha256: 16eca4beb1b677c4c422c6f0bb9919bbf721eea4d23c10e923d2725a8a6a6e16
  md5: c6f000036213459dba7e07888f1fad18
  depends:
  - __osx >=11.0
  - libcxx >=18
  - numpy >=1.21,<3
  - python >=3.13,<3.14.0a0
  - python >=3.13,<3.14.0a0 *_cp313
  - python_abi 3.13.* *_cp313
  constrains:
  - py-boost <0.0a0
  - boost <0.0a0
  license: BSL-1.0
  purls: []
  size: 105705
  timestamp: 1744433157753
- conda: https://conda.anaconda.org/conda-forge/osx-arm64/libboost-python-devel-1.88.0-py313h866c4f8_0.conda
  sha256: ac7967946a9dff27f4373b13394cfd47611e9ece2060575fbaa6379856899de5
  md5: ed9c9a79cf2d4c0e3259111658576323
  depends:
  - libboost-devel 1.88.0 hf450f58_0
  - libboost-python 1.88.0 py313h4e4fec1_0
  - numpy >=1.21,<3
  - python >=3.13,<3.14.0a0
  - python_abi 3.13.* *_cp313
  constrains:
  - py-boost <0.0a0
  - boost <0.0a0
  license: BSL-1.0
  purls: []
  size: 17355
  timestamp: 1744433331498
- conda: https://conda.anaconda.org/conda-forge/osx-arm64/libcblas-3.9.0-32_hb3479ef_openblas.conda
  build_number: 32
  sha256: 25d46ace14c3ac45d4aa18b5f7a0d3d30cec422297e900f8b97a66334232061c
  md5: d8e8ba717ae863b13a7495221f2b5a71
  depends:
  - libblas 3.9.0 32_h10e41b3_openblas
  constrains:
  - blas 2.132   openblas
  - liblapack  3.9.0   32*_openblas
  - liblapacke 3.9.0   32*_openblas
  license: BSD-3-Clause
  license_family: BSD
  purls: []
  size: 17485
  timestamp: 1750388970626
- conda: https://conda.anaconda.org/conda-forge/osx-arm64/libccd-double-2.1-h9a09cb3_2.tar.bz2
  sha256: eaba0b8153f4346229a0c52916a13fbedd689a3d3b31f4196bac65ece9050b8e
  md5: 4d27a7d50c8d4bcafe33c9215e66251c
  depends:
  - libcxx >=13.0.1
  constrains:
  - libccd <1
  license: BSD-3-Clause
  license_family: BSD
  purls: []
  size: 29852
  timestamp: 1654586481871
- conda: https://conda.anaconda.org/conda-forge/osx-arm64/libcoal-3.0.1-hc55d3a9_3.conda
  sha256: 50a5630448f828c88b1dfc0dbdb307581a9766cc6d052fa2a5a01aa00ddc814b
  md5: 6305d76b05c1e6680a998b3ad17abcfd
  depends:
  - __osx >=11.0
  - assimp >=5.4.3,<5.4.4.0a0
  - libboost >=1.88.0,<1.89.0a0
  - libboost-devel
  - libcxx >=19
  - octomap >=1.10.0,<1.11.0a0
  - qhull >=2020.2,<2020.3.0a0
  - qhull-static
  license: BSD-3-Clause
  license_family: BSD
  purls: []
  size: 1034356
  timestamp: 1754233516454
- conda: https://conda.anaconda.org/conda-forge/osx-arm64/libcxx-20.1.8-hf598326_1.conda
  sha256: 119b3ac75cb1ea29981e5053c2cb10d5f0b06fcc81b486cb7281f160daf673a1
  md5: a69ef3239d3268ef8602c7a7823fd982
  depends:
  - __osx >=11.0
  license: Apache-2.0 WITH LLVM-exception
  license_family: Apache
  purls: []
  size: 568267
  timestamp: 1752814881595
- conda: https://conda.anaconda.org/conda-forge/osx-arm64/libexpat-2.7.1-hec049ff_0.conda
  sha256: 8fbb17a56f51e7113ed511c5787e0dec0d4b10ef9df921c4fd1cccca0458f648
  md5: b1ca5f21335782f71a8bd69bdc093f67
  depends:
  - __osx >=11.0
  constrains:
  - expat 2.7.1.*
  license: MIT
  license_family: MIT
  purls: []
  size: 65971
  timestamp: 1752719657566
- conda: https://conda.anaconda.org/conda-forge/osx-arm64/libfatrop-0.0.4-h286801f_1.conda
  sha256: ff193f966ee33546a297abe02e49b57ba2b728d4706cec9cf3898dc8ca81e3ee
  md5: 00cb2b510ea71f73263e59e8253d0720
  depends:
  - __osx >=11.0
  - libblasfeo >=0.1.4.1,<0.1.5.0a0
  - libcxx >=18
  license: LGPL-3.0-or-later
  license_family: LGPL
  purls: []
  size: 195859
  timestamp: 1736273349013
- conda: https://conda.anaconda.org/conda-forge/osx-arm64/libffi-3.4.6-h1da3d7d_1.conda
  sha256: c6a530924a9b14e193ea9adfe92843de2a806d1b7dbfd341546ece9653129e60
  md5: c215a60c2935b517dcda8cad4705734d
  depends:
  - __osx >=11.0
  license: MIT
  license_family: MIT
  purls: []
  size: 39839
  timestamp: 1743434670405
- conda: https://conda.anaconda.org/conda-forge/osx-arm64/libgettextpo-0.25.1-h493aca8_0.conda
  sha256: 3ba35ff26b3b9573b5df5b9bbec5c61476157ec3a9f12c698e2a9350cd4338fd
  md5: 98acd9989d0d8d5914ccc86dceb6c6c2
  depends:
  - __osx >=11.0
  - libiconv >=1.18,<2.0a0
  - libintl 0.25.1 h493aca8_0
  license: GPL-3.0-or-later
  license_family: GPL
  purls: []
  size: 183091
  timestamp: 1751558452316
- conda: https://conda.anaconda.org/conda-forge/osx-arm64/libgettextpo-devel-0.25.1-h493aca8_0.conda
  sha256: 976941e18f879e5c1e67553f9657f7bb9d3935c89014ebfeafe89dcfba2de9e7
  md5: 91c2fdde1cb4a61b5cb7afa682af359e
  depends:
  - __osx >=11.0
  - libgettextpo 0.25.1 h493aca8_0
  - libiconv >=1.18,<2.0a0
  - libintl 0.25.1 h493aca8_0
  license: GPL-3.0-or-later
  license_family: GPL
  purls: []
  size: 37894
  timestamp: 1751558502415
- conda: https://conda.anaconda.org/conda-forge/osx-arm64/libgfortran-15.1.0-hfdf1602_0.conda
  sha256: 9620b4ac9d32fe7eade02081cd60d6a359a927d42bb8e121bd16489acd3c4d8c
  md5: e3b7dca2c631782ca1317a994dfe19ec
  depends:
  - libgfortran5 15.1.0 hb74de2c_0
  license: GPL-3.0-only WITH GCC-exception-3.1
  license_family: GPL
  purls: []
  size: 133859
  timestamp: 1750183546047
- conda: https://conda.anaconda.org/conda-forge/osx-arm64/libgfortran5-15.1.0-hb74de2c_0.conda
  sha256: 44b8ce4536cc9a0e59c09ff404ef1b0120d6a91afc32799331d85268cbe42438
  md5: 8b158ccccd67a40218e12626a39065a1
  depends:
  - llvm-openmp >=8.0.0
  constrains:
  - libgfortran 15.1.0
  license: GPL-3.0-only WITH GCC-exception-3.1
  license_family: GPL
  purls: []
  size: 758352
  timestamp: 1750182604206
- conda: https://conda.anaconda.org/conda-forge/osx-arm64/libgz-cmake3-3.5.3-h00cdb27_0.conda
  sha256: e6b8eafb951e6f03ba4f3ecc6545355db323eb617fad86c5dee08bea81ed6057
  md5: b8a802b62122f8b02635b05bb7bfbcdd
  depends:
  - __osx >=11.0
  - libcxx >=16
  license: Apache-2.0
  license_family: APACHE
  purls: []
  size: 205431
  timestamp: 1715098752998
- conda: https://conda.anaconda.org/conda-forge/osx-arm64/libgz-cmake4-4.2.0-ha1acc90_0.conda
  sha256: 019fbfd33cef567989b475afc8176272785d696b6cedc860eca511bba531cd32
  md5: 9db25d7b7577332d28eac789264b97e1
  depends:
  - __osx >=11.0
  - libcxx >=18
  license: Apache-2.0
  license_family: APACHE
  purls: []
  size: 218401
  timestamp: 1745624519519
- conda: https://conda.anaconda.org/conda-forge/osx-arm64/libgz-math7-7.5.2-h81086ad_0.conda
  sha256: f48b61a099adb49db15c8bcbee9d046c70bddc2cb6f2173a749058dedefd8bf9
  md5: ebdce21f34b295598f8a8c7a9d3c0e4a
  depends:
  - eigen
  - libcxx >=19
  - __osx >=11.0
  - libgz-cmake4 >=4.2.0,<5.0a0
  - libgz-utils2 >=2.2.0,<3.0a0
  license: Apache-2.0
  license_family: APACHE
  purls: []
  size: 241802
  timestamp: 1752689108336
- conda: https://conda.anaconda.org/conda-forge/osx-arm64/libgz-tools2-2.0.1-hce4b3f6_0.conda
  sha256: 3f4c77ef5aaec71e1a47b1248b07640d36e3c0af8845be1c5ecf66177ca80539
  md5: 0ef46bd3c7a8eb3bbfd7474e1f1763db
  depends:
  - __osx >=11.0
  - libcxx >=17
  - libgz-cmake3 >=3.5.3,<4.0a0
  - ruby
  license: Apache-2.0
  license_family: APACHE
  purls: []
  size: 38487
  timestamp: 1724587338467
- conda: https://conda.anaconda.org/conda-forge/osx-arm64/libgz-utils2-2.2.0-h286801f_1.conda
  sha256: fe1e31e227b6e53f3aa42137e115d39fdabf21a02fa4ec530b0f0fa41db2df5b
  md5: 3aa00ee24a82ff5046ff2baafdbc4c10
  depends:
  - __osx >=11.0
  - cli11
  - libcxx >=18
  - libgz-cmake3 >=3.5.3,<4.0a0
  license: Apache-2.0
  license_family: APACHE
  purls: []
  size: 55283
  timestamp: 1735638065529
- conda: https://conda.anaconda.org/conda-forge/osx-arm64/libiconv-1.18-hfe07756_1.conda
  sha256: d30780d24bf3a30b4f116fca74dedb4199b34d500fe6c52cced5f8cc1e926f03
  md5: 450e6bdc0c7d986acf7b8443dce87111
  depends:
  - __osx >=11.0
  license: LGPL-2.1-only
  purls: []
  size: 681804
  timestamp: 1740128227484
- conda: https://conda.anaconda.org/conda-forge/osx-arm64/libintl-0.25.1-h493aca8_0.conda
  sha256: 99d2cebcd8f84961b86784451b010f5f0a795ed1c08f1e7c76fbb3c22abf021a
  md5: 5103f6a6b210a3912faf8d7db516918c
  depends:
  - __osx >=11.0
  - libiconv >=1.18,<2.0a0
  license: LGPL-2.1-or-later
  purls: []
  size: 90957
  timestamp: 1751558394144
- conda: https://conda.anaconda.org/conda-forge/osx-arm64/libintl-devel-0.25.1-h493aca8_0.conda
  sha256: 5a446cb0501d87e0816da0bce524c60a053a4cf23c94dfd3e2b32a8499009e36
  md5: 5f9888e1cdbbbef52c8cf8b567393535
  depends:
  - __osx >=11.0
  - libiconv >=1.18,<2.0a0
  - libintl 0.25.1 h493aca8_0
  license: LGPL-2.1-or-later
  purls: []
  size: 40340
  timestamp: 1751558481257
- conda: https://conda.anaconda.org/conda-forge/osx-arm64/liblapack-3.9.0-32_hc9a63f6_openblas.conda
  build_number: 32
  sha256: 5e1cfa3581d1dec6b07a75084ff6cfa4b4465c646c6884a71c78a28543f83b61
  md5: bf9ead3fa92fd75ad473c6a1d255ffcb
  depends:
  - libblas 3.9.0 32_h10e41b3_openblas
  constrains:
  - blas 2.132   openblas
  - libcblas   3.9.0   32*_openblas
  - liblapacke 3.9.0   32*_openblas
  license: BSD-3-Clause
  license_family: BSD
  purls: []
  size: 17507
  timestamp: 1750388977861
- conda: https://conda.anaconda.org/conda-forge/osx-arm64/liblzma-5.8.1-h39f12f2_2.conda
  sha256: 0cb92a9e026e7bd4842f410a5c5c665c89b2eb97794ffddba519a626b8ce7285
  md5: d6df911d4564d77c4374b02552cb17d1
  depends:
  - __osx >=11.0
  constrains:
  - xz 5.8.1.*
  license: 0BSD
  purls: []
  size: 92286
  timestamp: 1749230283517
- conda: https://conda.anaconda.org/conda-forge/osx-arm64/libmpdec-4.0.0-h5505292_0.conda
  sha256: 0a1875fc1642324ebd6c4ac864604f3f18f57fbcf558a8264f6ced028a3c75b2
  md5: 85ccccb47823dd9f7a99d2c7f530342f
  depends:
  - __osx >=11.0
  license: BSD-2-Clause
  license_family: BSD
  purls: []
  size: 71829
  timestamp: 1748393749336
- conda: https://conda.anaconda.org/conda-forge/osx-arm64/libmujoco-3.3.2-hba1c1e0_4.conda
  sha256: 7b88233dc1afc8c9e7f6d591a4989c0e92bfa4711694ff3e4333fefe0f6edbdd
  md5: ba88148d67de3896f255bd6d8ae0e499
  depends:
  - libcxx >=19
  - __osx >=11.0
  - tinyxml2 >=11.0.0,<11.1.0a0
  - lodepng >=20220109,<20220110.0a0
  - qhull >=2020.2,<2020.3.0a0
  - libccd-double >=2.1,<2.2.0a0
  constrains:
  - mujoco-cxx <0
  license: Apache-2.0
  license_family: APACHE
  purls: []
  size: 10838572
  timestamp: 1753454988917
- conda: https://conda.anaconda.org/conda-forge/osx-arm64/libopenblas-0.3.30-openmp_h60d53f8_1.conda
  sha256: dfa2e506dcbd2b8e5656333021dbd422d2c1655dcfecbd7a50cac9d223c802b4
  md5: 165b15df4e15aba3a2b63897d6e4c539
  depends:
  - __osx >=11.0
  - libgfortran
  - libgfortran5 >=14.3.0
  - llvm-openmp >=19.1.7
  constrains:
  - openblas >=0.3.30,<0.3.31.0a0
  license: BSD-3-Clause
  license_family: BSD
  purls: []
  size: 4282228
  timestamp: 1753404509306
- conda: https://conda.anaconda.org/conda-forge/osx-arm64/libosqp-1.0.0-np123py311h2bed84a_2.conda
  sha256: 37ca6ac4bc981c9ed25f8940c077dcd2cfce977fe9a0ca2f308307d9b65fc961
  md5: 40371793c219f75f446bd3e82ce68bd8
  depends:
  - __osx >=11.0
  - libcxx >=18
  - libqdldl >=0.1.8,<0.1.9.0a0
  license: Apache-2.0
  license_family: APACHE
  purls: []
  size: 599201
  timestamp: 1748903982451
- conda: https://conda.anaconda.org/conda-forge/osx-arm64/libqdldl-0.1.8-ha1acc90_1.conda
  sha256: a5b1a56274cb2323ff25a30b785cb7eff192eb4828873975facd058ab0a559d5
  md5: f05eddf92ad3908f9beaf3b1c6ad84fe
  depends:
  - libcxx >=18
  - __osx >=11.0
  license: Apache-2.0
  license_family: APACHE
  purls: []
  size: 21118
  timestamp: 1744008234863
- conda: https://conda.anaconda.org/conda-forge/osx-arm64/libscotch-7.0.6-he56f69b_1.conda
  sha256: b616a5943501e35f32699b5f29d4216a3a94bfca87b9ae30feda89a9fa5c2f7a
  md5: 291ffb6a18b7e35bf42a317cc6856348
  depends:
  - __osx >=11.0
  - bzip2 >=1.0.8,<2.0a0
  - libgfortran >=5
  - libgfortran5 >=13.2.0
  - liblzma >=5.6.3,<6.0a0
  - libzlib >=1.3.1,<2.0a0
  license: CECILL-C
  purls: []
  size: 273604
  timestamp: 1737537249207
- conda: https://conda.anaconda.org/conda-forge/osx-arm64/libsdformat14-14.8.0-hb450cba_0.conda
  sha256: 6b75273f0149923df19dc908d3caea97529da9e2874278729dd0828c7240ee4d
  md5: 6bb3d4b5bca803afc244c9b7d0ac126e
  depends:
  - __osx >=11.0
  - libcxx >=19
  - libgz-cmake3 >=3.5.3,<4.0a0
  - libgz-math7 >=7.5.2,<8.0a0
  - libgz-tools2 >=2.0.1,<3.0a0
  - libgz-utils2 >=2.2.0,<3.0a0
  - tinyxml2 >=11.0.0,<11.1.0a0
  - urdfdom >=4.0.1,<4.1.0a0
  license: Apache-2.0
  license_family: APACHE
  purls: []
  size: 818428
  timestamp: 1752753696817
- conda: https://conda.anaconda.org/conda-forge/osx-arm64/libsqlite-3.50.4-h4237e3c_0.conda
  sha256: 802ebe62e6bc59fc26b26276b793e0542cfff2d03c086440aeaf72fb8bbcec44
  md5: 1dcb0468f5146e38fae99aef9656034b
  depends:
  - __osx >=11.0
  - icu >=75.1,<76.0a0
  - libzlib >=1.3.1,<2.0a0
  license: blessing
  purls: []
  size: 902645
  timestamp: 1753948599139
- conda: https://conda.anaconda.org/conda-forge/osx-arm64/libzlib-1.3.1-h8359307_2.conda
  sha256: ce34669eadaba351cd54910743e6a2261b67009624dbc7daeeafdef93616711b
  md5: 369964e85dc26bfe78f41399b366c435
  depends:
  - __osx >=11.0
  constrains:
  - zlib 1.3.1 *_2
  license: Zlib
  license_family: Other
  purls: []
  size: 46438
  timestamp: 1727963202283
- conda: https://conda.anaconda.org/conda-forge/osx-arm64/llvm-openmp-20.1.8-hbb9b287_1.conda
  sha256: e56f46b253dd1a99cc01dde038daba7789fc6ed35b2a93e3fc44b8578a82b3ec
  md5: a10bdc3e5d9e4c1ce554c83855dff6c4
  depends:
  - __osx >=11.0
  constrains:
  - openmp 20.1.8|20.1.8.*
  - intel-openmp <0.0a0
  license: Apache-2.0 WITH LLVM-exception
  license_family: APACHE
  purls: []
  size: 283300
  timestamp: 1753978829840
- conda: https://conda.anaconda.org/conda-forge/osx-arm64/lodepng-20220109-hf86a087_0.tar.bz2
  sha256: b911e285cf2e4bfc7ac5a3eb222ae7f70766af1ab8518d16af79c2723d2ac487
  md5: bba20599e9b8bc090ce1963609321042
  depends:
  - libcxx >=13.0.1
  license: Zlib
  purls: []
  size: 96247
  timestamp: 1655900547881
- conda: https://conda.anaconda.org/conda-forge/osx-arm64/metis-5.1.0-h15f6cfe_1007.conda
  sha256: f54ad3e5d47a0235ba2830848fee590faad550639336fe1e2413ab16fee7ac39
  md5: 7687ec5796288536947bf616179726d8
  depends:
  - __osx >=11.0
  license: Apache-2.0
  license_family: APACHE
  purls: []
  size: 3898314
  timestamp: 1728064659078
- conda: https://conda.anaconda.org/conda-forge/osx-arm64/mujoco-3.3.2-hb7ba575_4.conda
  sha256: a3e89f717f7cb60e8da6cfc19a5d95c6e24fb51b357decb630b0e87607bb3b33
  md5: 04b2611dd4e4a4e0d57d9ae44339be8e
  depends:
  - libmujoco ==3.3.2 hba1c1e0_4
  - mujoco-samples ==3.3.2 h32caa74_4
  - mujoco-simulate ==3.3.2 h32caa74_4
  - mujoco-python >=3.3.2,<3.3.3.0a0
  license: Apache-2.0
  license_family: APACHE
  purls: []
  size: 17417
  timestamp: 1753454988918
- conda: https://conda.anaconda.org/conda-forge/osx-arm64/mujoco-python-3.3.2-np2py313haaabbab_4.conda
  sha256: 2e5b6b27a466c51dc789f56b4640a0a03f5768830757fb2d2e284bdd7476e182
  md5: a040880726a2025454e78edca7c79ae8
  depends:
  - libmujoco ==3.3.2 hba1c1e0_4
  - python
  - numpy
  - absl-py
  - pyglfw
  - pyopengl
  - etils
  - fsspec
  - importlib_resources
  - typing_extensions
  - zipp
  - python 3.13.* *_cp313
  - __osx >=11.0
  - libcxx >=19
  - lodepng >=20220109,<20220110.0a0
  - glfw >=3.4,<4.0a0
  - python_abi 3.13.* *_cp313
  - libmujoco >=3.3.2,<3.3.3.0a0
  - pybind11-abi ==11
  - libabseil >=20250512.1,<20250513.0a0
  - libabseil * cxx17*
  - numpy >=1.23,<3
  license: Apache-2.0
  license_family: APACHE
  purls:
  - pkg:pypi/mujoco?source=hash-mapping
  size: 2514251
  timestamp: 1753454988918
- conda: https://conda.anaconda.org/conda-forge/osx-arm64/mujoco-samples-3.3.2-h32caa74_4.conda
  sha256: eff46894490fc0952a3c953bfd9986441696c66f3b2d05232add2e063f68324f
  md5: ab845ba819256d759f66debdeb8ddaca
  depends:
  - libmujoco >=3.3.2,<3.3.3.0a0
  - __osx >=11.0
  - libcxx >=19
  - glfw >=3.4,<4.0a0
  - libmujoco >=3.3.2,<3.3.3.0a0
  license: Apache-2.0
  license_family: APACHE
  purls: []
  size: 41064
  timestamp: 1753454988918
- conda: https://conda.anaconda.org/conda-forge/osx-arm64/mujoco-simulate-3.3.2-h32caa74_4.conda
  sha256: 63c0d1adfc668220a3da293be7ec153ef81238ea2ed7a38dcdce1e29799a7924
  md5: 4b3c1eb679b0729efe926877575ab321
  depends:
  - libmujoco >=3.3.2,<3.3.3.0a0
  - libcxx >=19
  - __osx >=11.0
  - libmujoco >=3.3.2,<3.3.3.0a0
  - glfw >=3.4,<4.0a0
  license: Apache-2.0
  license_family: APACHE
  purls: []
  size: 78739
  timestamp: 1753454988918
- conda: https://conda.anaconda.org/conda-forge/osx-arm64/mumps-include-5.7.3-h8c5b6c6_9.conda
  sha256: f9b7760dc84abcdab557959b356073224c84a4e12765722f3d99a3eb43377780
  md5: 558b84eda21ff476b520916b36a343d3
  license: CECILL-C
  purls: []
  size: 20800
  timestamp: 1742217819438
- conda: https://conda.anaconda.org/conda-forge/osx-arm64/mumps-seq-5.7.3-h29d90bc_9.conda
  sha256: fc030116ee9083610077a382b379f1c782ef6e3531226dae64bacf85ea6111e5
  md5: f4059b9b2cec69451420cd39ad518887
  depends:
  - mumps-include ==5.7.3 h8c5b6c6_9
  - libgfortran >=5
  - libgfortran5 >=13.2.0
  - llvm-openmp >=18.1.8
  - __osx >=11.0
  - libscotch >=7.0.6,<7.0.7.0a0
  - liblapack >=3.9.0,<4.0a0
  - metis >=5.1.0,<5.1.1.0a0
  - libblas >=3.9.0,<4.0a0
  constrains:
  - libopenblas * *openmp*
  license: CECILL-C
  purls: []
  size: 2689399
  timestamp: 1742217819440
- conda: https://conda.anaconda.org/conda-forge/osx-arm64/ncurses-6.5-h5e97a16_3.conda
  sha256: 2827ada40e8d9ca69a153a45f7fd14f32b2ead7045d3bbb5d10964898fe65733
  md5: 068d497125e4bf8a66bf707254fff5ae
  depends:
  - __osx >=11.0
  license: X11 AND BSD-3-Clause
  purls: []
  size: 797030
  timestamp: 1738196177597
- conda: https://conda.anaconda.org/conda-forge/osx-arm64/numpy-2.3.2-py313h674b998_0.conda
  sha256: d5141dbc26706ba882780233d773229f0c81a40947ab30c6084c7b8b70022823
  md5: 4ed71a747fb592d7d271c20be89f1966
  depends:
  - python
  - __osx >=11.0
  - python 3.13.* *_cp313
  - libcxx >=19
  - python_abi 3.13.* *_cp313
  - libcblas >=3.9.0,<4.0a0
  - liblapack >=3.9.0,<4.0a0
  - libblas >=3.9.0,<4.0a0
  constrains:
  - numpy-base <0a0
  license: BSD-3-Clause
  license_family: BSD
  purls:
  - pkg:pypi/numpy?source=compressed-mapping
  size: 6747854
  timestamp: 1753401542639
- conda: https://conda.anaconda.org/conda-forge/osx-arm64/octomap-1.10.0-h7b3277c_0.conda
  sha256: 5f9547af44aea4cf7d8898198d35108d27c43ef45e2f46d065a643800da271d3
  md5: b58ab4e998bb09e7666eb15c34802df2
  depends:
  - __osx >=11.0
  - libcxx >=17
  license: BSD-3-Clause
  license_family: BSD
  purls: []
  size: 175588
  timestamp: 1728635358077
- conda: https://conda.anaconda.org/conda-forge/osx-arm64/openssl-3.5.1-h81ee809_0.conda
  sha256: f94fde0f096fa79794c8aa0a2665630bbf9026cc6438e8253f6555fc7281e5a8
  md5: a8ac77e7c7e58d43fa34d60bd4361062
  depends:
  - __osx >=11.0
  - ca-certificates
  license: Apache-2.0
  license_family: Apache
  purls: []
  size: 3071649
  timestamp: 1751390309393
- conda: https://conda.anaconda.org/conda-forge/osx-arm64/pinocchio-3.7.0-py313h28e2cdc_1.conda
  sha256: d21d595e56306e5491833740716440e2c6ff3120fe7f258cee039c0e1e70ebe1
  md5: 4008431c4cd580b940631e66bf6bc4e9
  depends:
  - __osx >=11.0
  - casadi >=3.7.0,<3.8.0a0
  - console_bridge >=1.0.2,<1.1.0a0
  - eigenpy >=3.11.0,<3.11.1.0a0
  - hpp-fcl >=3.0.1,<3.0.2.0a0
  - libboost >=1.88.0,<1.89.0a0
  - libboost-devel
  - libboost-python >=1.88.0,<1.89.0a0
  - libboost-python-devel
  - libcxx >=19
  - libsdformat14 >=14.8.0,<15.0a0
  - llvm-openmp >=19.1.7
  - llvm-openmp >=20.1.8
  - numpy >=1.23,<3
  - python >=3.13,<3.14.0a0
  - python >=3.13,<3.14.0a0 *_cp313
  - python_abi 3.13.* *_cp313
  - qhull >=2020.2,<2020.3.0a0
  - qhull-static
  - urdfdom >=4.0.1,<4.1.0a0
  license: BSD-2-Clause
  license_family: BSD
  purls: []
  size: 11430698
  timestamp: 1754260694187
- conda: https://conda.anaconda.org/conda-forge/noarch/pybind11-abi-11-hc364b38_1.conda
  sha256: 9e7fe12f727acd2787fb5816b2049cef4604b7a00ad3e408c5e709c298ce8bf1
  md5: f0599959a2447c1e544e216bddf393fa
  license: BSD-3-Clause
  license_family: BSD
  purls: []
  size: 14671
  timestamp: 1752769938071
- conda: https://conda.anaconda.org/conda-forge/noarch/pyglfw-2.9.0-pyha770c72_0.conda
  sha256: 5ca7b846acb096acce47aa472505f733e07296961c0d188b64c7d14669be52d8
  md5: 6d39f9b8fadd861a0374a4064f384f32
  depends:
  - glfw
  - python >=3.9
  license: MIT
  license_family: MIT
  purls:
  - pkg:pypi/glfw?source=hash-mapping
  size: 31549
  timestamp: 1744780517097
- conda: https://conda.anaconda.org/conda-forge/noarch/pyopengl-3.1.9-pyhd8ed1ab_0.conda
  sha256: 31b2d2feb81ea91caee64e2c0e37f8633b44b9687f8bd830d7fd1044861f68c7
  md5: f587e60725a617eeb6415366816be030
  depends:
  - python >=3.9
  license: LicenseRef-pyopengl
  purls:
  - pkg:pypi/pyopengl?source=hash-mapping
  size: 1328762
  timestamp: 1745165691289
- conda: https://conda.anaconda.org/conda-forge/osx-arm64/python-3.13.5-hf3f3da0_102_cp313.conda
  build_number: 102
  sha256: ee1b09fb5563be8509bb9b29b2b436a0af75488b5f1fa6bcd93fe0fba597d13f
  md5: 123b7f04e7b8d6fc206cf2d3466f8a4b
  depends:
  - __osx >=11.0
  - bzip2 >=1.0.8,<2.0a0
  - libexpat >=2.7.0,<3.0a0
  - libffi >=3.4.6,<3.5.0a0
  - liblzma >=5.8.1,<6.0a0
  - libmpdec >=4.0.0,<5.0a0
  - libsqlite >=3.50.1,<4.0a0
  - libzlib >=1.3.1,<2.0a0
  - ncurses >=6.5,<7.0a0
  - openssl >=3.5.0,<4.0a0
  - python_abi 3.13.* *_cp313
  - readline >=8.2,<9.0a0
  - tk >=8.6.13,<8.7.0a0
  - tzdata
  license: Python-2.0
  purls: []
  size: 12931515
  timestamp: 1750062475020
  python_site_packages_path: lib/python3.13/site-packages
- conda: https://conda.anaconda.org/conda-forge/noarch/python_abi-3.13-8_cp313.conda
  build_number: 8
  sha256: 210bffe7b121e651419cb196a2a63687b087497595c9be9d20ebe97dd06060a7
  md5: 94305520c52a4aa3f6c2b1ff6008d9f8
  constrains:
  - python 3.13.* *_cp313
  license: BSD-3-Clause
  license_family: BSD
  purls: []
  size: 7002
  timestamp: 1752805902938
- conda: https://conda.anaconda.org/conda-forge/osx-arm64/qhull-2020.2-h420ef59_5.conda
  sha256: 873ac689484262a51fd79bc6103c1a1bedbf524924d7f0088fb80703042805e4
  md5: 6483b1f59526e05d7d894e466b5b6924
  depends:
  - __osx >=11.0
  - libcxx >=16
  license: LicenseRef-Qhull
  purls: []
  size: 516376
  timestamp: 1720814307311
- conda: https://conda.anaconda.org/conda-forge/osx-arm64/qhull-static-2020.2-h420ef59_5.conda
  sha256: 3f2dde100de786c5c607cb65f11305a74300c03f2d34b8a71fa36c2c23e15ee4
  md5: 2e11932ae4df8342c7cc5fcbfcd7e5c8
  depends:
  - __osx >=11.0
  - libcxx >=16
  - qhull 2020.2 h420ef59_5
  license: LicenseRef-Qhull
  purls: []
  size: 422913
  timestamp: 1720814413180
- conda: https://conda.anaconda.org/conda-forge/osx-arm64/readline-8.2-h1d1bf99_2.conda
  sha256: 7db04684d3904f6151eff8673270922d31da1eea7fa73254d01c437f49702e34
  md5: 63ef3f6e6d6d5c589e64f11263dc5676
  depends:
  - ncurses >=6.5,<7.0a0
  license: GPL-3.0-only
  license_family: GPL
  purls: []
  size: 252359
  timestamp: 1740379663071
- pypi: ./
  name: robot-control-playground
  version: 0.1.0
  sha256: 1e411bc5933dd282d8995648fee43a280d50aadd885f5191eb971d5a6b9ab557
  requires_python: '>=3.11'
  editable: true
- conda: https://conda.anaconda.org/conda-forge/osx-arm64/ruby-3.4.5-h18f8826_0.conda
  sha256: e37e3f7c3554d2e97e5594569b19d6aedc105b3210c071c28d8c460fc8301921
  md5: 6ac444f30d19415fd128b3159c5635ce
  depends:
  - __osx >=11.0
  - gettext
  - gmp >=6.3.0,<7.0a0
  - libasprintf >=0.25.1,<1.0a0
  - libffi >=3.4.6,<3.5.0a0
  - libgettextpo >=0.25.1,<1.0a0
  - libintl >=0.25.1,<1.0a0
  - libzlib >=1.3.1,<2.0a0
  - ncurses >=6.5,<7.0a0
  - openssl >=3.5.1,<4.0a0
  - readline >=8.2,<9.0a0
  - yaml >=0.2.5,<0.3.0a0
  constrains:
  - __osx >=11.0
  track_features:
  - rb34
  license: BSD-2-Clause
  license_family: BSD
  purls: []
  size: 11927055
  timestamp: 1752614944056
- conda: https://conda.anaconda.org/conda-forge/osx-arm64/scipy-1.15.2-py313h9a24e0a_0.conda
  sha256: 2cce94fba335df6ea1c7ce5554ba8f0ef8ec0cf1a7e6918bfc2d8b2abf880794
  md5: 45e6244d4265a576a299c0a1d8b09ad9
  depends:
  - __osx >=11.0
  - libblas >=3.9.0,<4.0a0
  - libcblas >=3.9.0,<4.0a0
  - libcxx >=18
  - libgfortran >=5
  - libgfortran5 >=13.2.0
  - liblapack >=3.9.0,<4.0a0
  - numpy <2.5
  - numpy >=1.21,<3
  - numpy >=1.23.5
  - python >=3.13,<3.14.0a0
  - python >=3.13,<3.14.0a0 *_cp313
  - python_abi 3.13.* *_cp313
  license: BSD-3-Clause
  license_family: BSD
  purls:
  - pkg:pypi/scipy?source=hash-mapping
  size: 14548640
  timestamp: 1739792791585
- conda: https://conda.anaconda.org/conda-forge/osx-arm64/tinyxml2-11.0.0-ha1acc90_0.conda
  sha256: bbd9294551ff727305f8335819c24d2490d5d79e0f3d90957992c39d2146093a
  md5: 6778d917f88222e8f27af8ec5c41f277
  depends:
  - __osx >=11.0
  - libcxx >=18
  license: Zlib
  purls: []
  size: 122269
  timestamp: 1742246179980
- conda: https://conda.anaconda.org/conda-forge/osx-arm64/tk-8.6.13-h892fb3f_2.conda
  sha256: cb86c522576fa95c6db4c878849af0bccfd3264daf0cc40dd18e7f4a7bfced0e
  md5: 7362396c170252e7b7b0c8fb37fe9c78
  depends:
  - __osx >=11.0
  - libzlib >=1.3.1,<2.0a0
  license: TCL
  license_family: BSD
  purls: []
  size: 3125538
  timestamp: 1748388189063
- conda: https://conda.anaconda.org/conda-forge/noarch/typing_extensions-4.14.1-pyhe01879c_0.conda
  sha256: 4f52390e331ea8b9019b87effaebc4f80c6466d09f68453f52d5cdc2a3e1194f
  md5: e523f4f1e980ed7a4240d7e27e9ec81f
  depends:
  - python >=3.9
  - python
  license: PSF-2.0
  license_family: PSF
  purls:
  - pkg:pypi/typing-extensions?source=hash-mapping
  size: 51065
  timestamp: 1751643513473
- conda: https://conda.anaconda.org/conda-forge/noarch/tzdata-2025b-h78e105d_0.conda
  sha256: 5aaa366385d716557e365f0a4e9c3fca43ba196872abbbe3d56bb610d131e192
  md5: 4222072737ccff51314b5ece9c7d6f5a
  license: LicenseRef-Public-Domain
  purls: []
  size: 122968
  timestamp: 1742727099393
- conda: https://conda.anaconda.org/conda-forge/osx-arm64/urdfdom-4.0.1-h48bab5a_3.conda
  sha256: bfde25d74ac5839d1f7ca0a2f7d6a36dc9ae9b7e2df1c3799be98d1985393b60
  md5: 7e841176ab2b30860123ce7ea0a710c5
  depends:
  - urdfdom_headers
  - __osx >=11.0
  - libcxx >=18
  - tinyxml2 >=11.0.0,<11.1.0a0
  - console_bridge >=1.0.2,<1.1.0a0
  license: BSD-3-Clause
  license_family: BSD
  purls: []
  size: 105695
  timestamp: 1743679565324
- conda: https://conda.anaconda.org/conda-forge/osx-arm64/urdfdom_headers-1.1.2-h7b3277c_0.conda
  sha256: 50471f9eb390dbd7a946657b25c97c11b3bed9d74600294d0d78dca92017e013
  md5: 960dc54e0599d5d4f9719d9bedf3bd4b
  depends:
  - __osx >=11.0
  - libcxx >=17
  license: BSD-3-Clause
  license_family: BSD
  purls: []
  size: 19265
  timestamp: 1726152487304
- conda: https://conda.anaconda.org/conda-forge/osx-arm64/yaml-0.2.5-h925e9cb_3.conda
  sha256: b03433b13d89f5567e828ea9f1a7d5c5d697bf374c28a4168d71e9464f5dafac
  md5: 78a0fe9e9c50d2c381e8ee47e3ea437d
  depends:
  - __osx >=11.0
  license: MIT
  license_family: MIT
  purls: []
  size: 83386
  timestamp: 1753484079473
- conda: https://conda.anaconda.org/conda-forge/noarch/zipp-3.23.0-pyhd8ed1ab_0.conda
  sha256: 7560d21e1b021fd40b65bfb72f67945a3fcb83d78ad7ccf37b8b3165ec3b68ad
  md5: df5e78d904988eb55042c0c97446079f
  depends:
  - python >=3.9
  license: MIT
  license_family: MIT
  purls:
  - pkg:pypi/zipp?source=hash-mapping
  size: 22963
  timestamp: 1749421737203
- conda: https://conda.anaconda.org/conda-forge/osx-arm64/zlib-1.3.1-h8359307_2.conda
  sha256: 58f8860756680a4831c1bf4f294e2354d187f2e999791d53b1941834c4b37430
  md5: e3170d898ca6cb48f1bb567afb92f775
  depends:
  - __osx >=11.0
  - libzlib 1.3.1 h8359307_2
  license: Zlib
  license_family: Other
  purls: []
  size: 77606
  timestamp: 1727963209370
- conda: https://conda.anaconda.org/conda-forge/osx-arm64/zstd-1.5.7-h6491c7d_2.conda
  sha256: 0d02046f57f7a1a3feae3e9d1aa2113788311f3cf37a3244c71e61a93177ba67
  md5: e6f69c7bcccdefa417f056fa593b40f0
  depends:
  - __osx >=11.0
  - libzlib >=1.3.1,<2.0a0
  license: BSD-3-Clause
  license_family: BSD
  purls: []
  size: 399979
  timestamp: 1742433432699
